
Microsoft Visual Studio Solution File, Format Version 12.00
# Visual Studio Version 16
VisualStudioVersion = 16.0.31729.503
MinimumVisualStudioVersion = 10.0.40219.1
Project("{9A19103F-16F7-4668-BE54-9A1E7A4F7556}") = "Consola", "Consola\Consola.csproj", "{CF0BF762-A16E-4ACD-A0BC-40674105CC84}"
EndProject
Project("{9A19103F-16F7-4668-BE54-9A1E7A4F7556}") = "Entidades", "Entidades\Entidades.csproj", "{A299A52C-E84D-43F2-8967-4902CBE8BF03}"
EndProject
Project("{9A19103F-16F7-4668-BE54-9A1E7A4F7556}") = "ArchivosYSerializacion", "ArchivosYSerializacion\ArchivosYSerializacion.csproj", "{6D0E2067-813E-4C63-9A4B-4D366D5242B6}"
EndProject
Project("{9A19103F-16F7-4668-BE54-9A1E7A4F7556}") = "Excepciones", "Excepciones\Excepciones.csproj", "{0D8206F4-BD9F-4982-B46A-83AA02BEF56B}"
EndProject
Project("{9A19103F-16F7-4668-BE54-9A1E7A4F7556}") = "Formularios", "Formularios\Formularios.csproj", "{5D9269B8-7F5F-4C97-9343-37EBBF6423D8}"
EndProject
Project("{FAE04EC0-301F-11D3-BF4B-00C04F79EFBC}") = "Test Unitarios", "Test Unitarios\Test Unitarios.csproj", "{111A72C1-EE1F-4BD1-B76F-9B6136A4F93B}"
EndProject
Global
	GlobalSection(SolutionConfigurationPlatforms) = preSolution
		Debug|Any CPU = Debug|Any CPU
		Release|Any CPU = Release|Any CPU
	EndGlobalSection
	GlobalSection(ProjectConfigurationPlatforms) = postSolution
		{CF0BF762-A16E-4ACD-A0BC-40674105CC84}.Debug|Any CPU.ActiveCfg = Debug|Any CPU
		{CF0BF762-A16E-4ACD-A0BC-40674105CC84}.Debug|Any CPU.Build.0 = Debug|Any CPU
		{CF0BF762-A16E-4ACD-A0BC-40674105CC84}.Release|Any CPU.ActiveCfg = Release|Any CPU
		{CF0BF762-A16E-4ACD-A0BC-40674105CC84}.Release|Any CPU.Build.0 = Release|Any CPU
		{A299A52C-E84D-43F2-8967-4902CBE8BF03}.Debug|Any CPU.ActiveCfg = Debug|Any CPU
		{A299A52C-E84D-43F2-8967-4902CBE8BF03}.Debug|Any CPU.Build.0 = Debug|Any CPU
		{A299A52C-E84D-43F2-8967-4902CBE8BF03}.Release|Any CPU.ActiveCfg = Release|Any CPU
		{A299A52C-E84D-43F2-8967-4902CBE8BF03}.Release|Any CPU.Build.0 = Release|Any CPU
		{6D0E2067-813E-4C63-9A4B-4D366D5242B6}.Debug|Any CPU.ActiveCfg = Debug|Any CPU
		{6D0E2067-813E-4C63-9A4B-4D366D5242B6}.Debug|Any CPU.Build.0 = Debug|Any CPU
		{6D0E2067-813E-4C63-9A4B-4D366D5242B6}.Release|Any CPU.ActiveCfg = Release|Any CPU
		{6D0E2067-813E-4C63-9A4B-4D366D5242B6}.Release|Any CPU.Build.0 = Release|Any CPU
		{0D8206F4-BD9F-4982-B46A-83AA02BEF56B}.Debug|Any CPU.ActiveCfg = Debug|Any CPU
		{0D8206F4-BD9F-4982-B46A-83AA02BEF56B}.Debug|Any CPU.Build.0 = Debug|Any CPU
		{0D8206F4-BD9F-4982-B46A-83AA02BEF56B}.Release|Any CPU.ActiveCfg = Release|Any CPU
		{0D8206F4-BD9F-4982-B46A-83AA02BEF56B}.Release|Any CPU.Build.0 = Release|Any CPU
		{5D9269B8-7F5F-4C97-9343-37EBBF6423D8}.Debug|Any CPU.ActiveCfg = Debug|Any CPU
		{5D9269B8-7F5F-4C97-9343-37EBBF6423D8}.Debug|Any CPU.Build.0 = Debug|Any CPU
		{5D9269B8-7F5F-4C97-9343-37EBBF6423D8}.Release|Any CPU.ActiveCfg = Release|Any CPU
		{5D9269B8-7F5F-4C97-9343-37EBBF6423D8}.Release|Any CPU.Build.0 = Release|Any CPU
		{111A72C1-EE1F-4BD1-B76F-9B6136A4F93B}.Debug|Any CPU.ActiveCfg = Debug|Any CPU
		{111A72C1-EE1F-4BD1-B76F-9B6136A4F93B}.Debug|Any CPU.Build.0 = Debug|Any CPU
		{111A72C1-EE1F-4BD1-B76F-9B6136A4F93B}.Release|Any CPU.ActiveCfg = Release|Any CPU
		{111A72C1-EE1F-4BD1-B76F-9B6136A4F93B}.Release|Any CPU.Build.0 = Release|Any CPU
	EndGlobalSection
	GlobalSection(SolutionProperties) = preSolution
		HideSolutionNode = FALSE
	EndGlobalSection
	GlobalSection(ExtensibilityGlobals) = postSolution
		SolutionGuid = {DB449D78-278F-4D25-AB9F-F4538B8AE389}
	EndGlobalSection
EndGlobal
